
Microsoft Visual Studio Solution File, Format Version 12.00
Project("{FAE04EC0-301F-11D3-BF4B-00C04F79EFBC}") = "CustomersOrdersAPI", "CustomersOrdersAPI\CustomersOrdersAPI.csproj", "{B6880B49-20C3-4CF7-9FD9-B18F0D3C01B8}"
EndProject
Global
	GlobalSection(SolutionConfigurationPlatforms) = preSolution
		Debug|Any CPU = Debug|Any CPU
		Release|Any CPU = Release|Any CPU
	EndGlobalSection
	GlobalSection(ProjectConfigurationPlatforms) = postSolution
		{B6880B49-20C3-4CF7-9FD9-B18F0D3C01B8}.Debug|Any CPU.ActiveCfg = Debug|Any CPU
		{B6880B49-20C3-4CF7-9FD9-B18F0D3C01B8}.Debug|Any CPU.Build.0 = Debug|Any CPU
		{B6880B49-20C3-4CF7-9FD9-B18F0D3C01B8}.Release|Any CPU.ActiveCfg = Release|Any CPU
		{B6880B49-20C3-4CF7-9FD9-B18F0D3C01B8}.Release|Any CPU.Build.0 = Release|Any CPU
	EndGlobalSection
EndGlobal
